
Microsoft Visual Studio Solution File, Format Version 11.00
# Visual Studio 2010
Project("{FAE04EC0-301F-11D3-BF4B-00C04F79EFBC}") = "Assembly-CSharp", "Assembly-CSharp.csproj", "{EB05FE6F-8E1C-AA94-BBC8-EDBA6B33B8A3}"
EndProject
Project("{FAE04EC0-301F-11D3-BF4B-00C04F79EFBC}") = "Assembly-CSharp-Editor", "Assembly-CSharp-Editor.csproj", "{5E3C13DD-806B-635C-9224-650004D563C2}"
EndProject
Global
	GlobalSection(SolutionConfigurationPlatforms) = preSolution
		Debug|Any CPU = Debug|Any CPU
		Release|Any CPU = Release|Any CPU
	EndGlobalSection
	GlobalSection(ProjectConfigurationPlatforms) = postSolution
		{EB05FE6F-8E1C-AA94-BBC8-EDBA6B33B8A3}.Debug|Any CPU.ActiveCfg = Debug|Any CPU
		{EB05FE6F-8E1C-AA94-BBC8-EDBA6B33B8A3}.Debug|Any CPU.Build.0 = Debug|Any CPU
		{EB05FE6F-8E1C-AA94-BBC8-EDBA6B33B8A3}.Release|Any CPU.ActiveCfg = Release|Any CPU
		{EB05FE6F-8E1C-AA94-BBC8-EDBA6B33B8A3}.Release|Any CPU.Build.0 = Release|Any CPU
		{5E3C13DD-806B-635C-9224-650004D563C2}.Debug|Any CPU.ActiveCfg = Debug|Any CPU
		{5E3C13DD-806B-635C-9224-650004D563C2}.Debug|Any CPU.Build.0 = Debug|Any CPU
		{5E3C13DD-806B-635C-9224-650004D563C2}.Release|Any CPU.ActiveCfg = Release|Any CPU
		{5E3C13DD-806B-635C-9224-650004D563C2}.Release|Any CPU.Build.0 = Release|Any CPU
	EndGlobalSection
	GlobalSection(SolutionProperties) = preSolution
		HideSolutionNode = FALSE
	EndGlobalSection
	GlobalSection(MonoDevelopProperties) = preSolution
		StartupItem = Assembly-CSharp.csproj
	EndGlobalSection
EndGlobal
